
Microsoft Visual Studio Solution File, Format Version 12.00
# Visual Studio 14
VisualStudioVersion = 14.0.25420.1
MinimumVisualStudioVersion = 10.0.40219.1
Project("{FAE04EC0-301F-11D3-BF4B-00C04F79EFBC}") = "TesterObject", "TesterObject\TesterObject.csproj", "{E342A8DC-DC0E-4F08-9806-CC5870EB1C6E}"
EndProject
Project("{FAE04EC0-301F-11D3-BF4B-00C04F79EFBC}") = "Defines", "Defines\Defines.csproj", "{1158CE60-E954-4FC2-9442-1BF5AC00431B}"
EndProject
Project("{FAE04EC0-301F-11D3-BF4B-00C04F79EFBC}") = "RemoteConnectLib", "RemoteConnectLib\RemoteConnectLib.csproj", "{9DABA7AD-B599-4EB5-8538-7087ECB5A4FB}"
EndProject
Project("{FAE04EC0-301F-11D3-BF4B-00C04F79EFBC}") = "TestClient", "TestClient\TestClient.csproj", "{8A1724CA-1567-4A01-8FC3-75EAB974A5BF}"
EndProject
Project("{FAE04EC0-301F-11D3-BF4B-00C04F79EFBC}") = "TestHost", "TestHost\TestHost.csproj", "{1A1E81ED-63E2-4BE5-88FF-FC3654204128}"
EndProject
Project("{FAE04EC0-301F-11D3-BF4B-00C04F79EFBC}") = "ITesterObject", "ITesterObject\ITesterObject.csproj", "{4E46627F-92EF-47E2-812F-3FC50951F144}"
EndProject
Global
	GlobalSection(SolutionConfigurationPlatforms) = preSolution
		Debug|Any CPU = Debug|Any CPU
		Debug|Mixed Platforms = Debug|Mixed Platforms
		Debug|x86 = Debug|x86
		Release|Any CPU = Release|Any CPU
		Release|Mixed Platforms = Release|Mixed Platforms
		Release|x86 = Release|x86
	EndGlobalSection
	GlobalSection(ProjectConfigurationPlatforms) = postSolution
		{E342A8DC-DC0E-4F08-9806-CC5870EB1C6E}.Debug|Any CPU.ActiveCfg = Debug|Any CPU
		{E342A8DC-DC0E-4F08-9806-CC5870EB1C6E}.Debug|Any CPU.Build.0 = Debug|Any CPU
		{E342A8DC-DC0E-4F08-9806-CC5870EB1C6E}.Debug|Mixed Platforms.ActiveCfg = Debug|Any CPU
		{E342A8DC-DC0E-4F08-9806-CC5870EB1C6E}.Debug|Mixed Platforms.Build.0 = Debug|Any CPU
		{E342A8DC-DC0E-4F08-9806-CC5870EB1C6E}.Debug|x86.ActiveCfg = Debug|Any CPU
		{E342A8DC-DC0E-4F08-9806-CC5870EB1C6E}.Release|Any CPU.ActiveCfg = Release|Any CPU
		{E342A8DC-DC0E-4F08-9806-CC5870EB1C6E}.Release|Any CPU.Build.0 = Release|Any CPU
		{E342A8DC-DC0E-4F08-9806-CC5870EB1C6E}.Release|Mixed Platforms.ActiveCfg = Release|Any CPU
		{E342A8DC-DC0E-4F08-9806-CC5870EB1C6E}.Release|Mixed Platforms.Build.0 = Release|Any CPU
		{E342A8DC-DC0E-4F08-9806-CC5870EB1C6E}.Release|x86.ActiveCfg = Release|Any CPU
		{1158CE60-E954-4FC2-9442-1BF5AC00431B}.Debug|Any CPU.ActiveCfg = Debug|Any CPU
		{1158CE60-E954-4FC2-9442-1BF5AC00431B}.Debug|Any CPU.Build.0 = Debug|Any CPU
		{1158CE60-E954-4FC2-9442-1BF5AC00431B}.Debug|Mixed Platforms.ActiveCfg = Debug|Any CPU
		{1158CE60-E954-4FC2-9442-1BF5AC00431B}.Debug|Mixed Platforms.Build.0 = Debug|Any CPU
		{1158CE60-E954-4FC2-9442-1BF5AC00431B}.Debug|x86.ActiveCfg = Debug|Any CPU
		{1158CE60-E954-4FC2-9442-1BF5AC00431B}.Release|Any CPU.ActiveCfg = Release|Any CPU
		{1158CE60-E954-4FC2-9442-1BF5AC00431B}.Release|Any CPU.Build.0 = Release|Any CPU
		{1158CE60-E954-4FC2-9442-1BF5AC00431B}.Release|Mixed Platforms.ActiveCfg = Release|Any CPU
		{1158CE60-E954-4FC2-9442-1BF5AC00431B}.Release|Mixed Platforms.Build.0 = Release|Any CPU
		{1158CE60-E954-4FC2-9442-1BF5AC00431B}.Release|x86.ActiveCfg = Release|Any CPU
		{9DABA7AD-B599-4EB5-8538-7087ECB5A4FB}.Debug|Any CPU.ActiveCfg = Debug|Any CPU
		{9DABA7AD-B599-4EB5-8538-7087ECB5A4FB}.Debug|Any CPU.Build.0 = Debug|Any CPU
		{9DABA7AD-B599-4EB5-8538-7087ECB5A4FB}.Debug|Mixed Platforms.ActiveCfg = Debug|Any CPU
		{9DABA7AD-B599-4EB5-8538-7087ECB5A4FB}.Debug|Mixed Platforms.Build.0 = Debug|Any CPU
		{9DABA7AD-B599-4EB5-8538-7087ECB5A4FB}.Debug|x86.ActiveCfg = Debug|Any CPU
		{9DABA7AD-B599-4EB5-8538-7087ECB5A4FB}.Release|Any CPU.ActiveCfg = Release|Any CPU
		{9DABA7AD-B599-4EB5-8538-7087ECB5A4FB}.Release|Any CPU.Build.0 = Release|Any CPU
		{9DABA7AD-B599-4EB5-8538-7087ECB5A4FB}.Release|Mixed Platforms.ActiveCfg = Release|Any CPU
		{9DABA7AD-B599-4EB5-8538-7087ECB5A4FB}.Release|Mixed Platforms.Build.0 = Release|Any CPU
		{9DABA7AD-B599-4EB5-8538-7087ECB5A4FB}.Release|x86.ActiveCfg = Release|Any CPU
		{8A1724CA-1567-4A01-8FC3-75EAB974A5BF}.Debug|Any CPU.ActiveCfg = Debug|Any CPU
		{8A1724CA-1567-4A01-8FC3-75EAB974A5BF}.Debug|Any CPU.Build.0 = Debug|Any CPU
		{8A1724CA-1567-4A01-8FC3-75EAB974A5BF}.Debug|Mixed Platforms.ActiveCfg = Debug|Any CPU
		{8A1724CA-1567-4A01-8FC3-75EAB974A5BF}.Debug|Mixed Platforms.Build.0 = Debug|Any CPU
		{8A1724CA-1567-4A01-8FC3-75EAB974A5BF}.Debug|x86.ActiveCfg = Debug|Any CPU
		{8A1724CA-1567-4A01-8FC3-75EAB974A5BF}.Release|Any CPU.ActiveCfg = Release|Any CPU
		{8A1724CA-1567-4A01-8FC3-75EAB974A5BF}.Release|Any CPU.Build.0 = Release|Any CPU
		{8A1724CA-1567-4A01-8FC3-75EAB974A5BF}.Release|Mixed Platforms.ActiveCfg = Release|Any CPU
		{8A1724CA-1567-4A01-8FC3-75EAB974A5BF}.Release|Mixed Platforms.Build.0 = Release|Any CPU
		{8A1724CA-1567-4A01-8FC3-75EAB974A5BF}.Release|x86.ActiveCfg = Release|Any CPU
		{1A1E81ED-63E2-4BE5-88FF-FC3654204128}.Debug|Any CPU.ActiveCfg = Debug|Any CPU
		{1A1E81ED-63E2-4BE5-88FF-FC3654204128}.Debug|Any CPU.Build.0 = Debug|Any CPU
		{1A1E81ED-63E2-4BE5-88FF-FC3654204128}.Debug|Mixed Platforms.ActiveCfg = Debug|Any CPU
		{1A1E81ED-63E2-4BE5-88FF-FC3654204128}.Debug|Mixed Platforms.Build.0 = Debug|Any CPU
		{1A1E81ED-63E2-4BE5-88FF-FC3654204128}.Debug|x86.ActiveCfg = Debug|Any CPU
		{1A1E81ED-63E2-4BE5-88FF-FC3654204128}.Debug|x86.Build.0 = Debug|Any CPU
		{1A1E81ED-63E2-4BE5-88FF-FC3654204128}.Release|Any CPU.ActiveCfg = Release|Any CPU
		{1A1E81ED-63E2-4BE5-88FF-FC3654204128}.Release|Any CPU.Build.0 = Release|Any CPU
		{1A1E81ED-63E2-4BE5-88FF-FC3654204128}.Release|Mixed Platforms.ActiveCfg = Release|Any CPU
		{1A1E81ED-63E2-4BE5-88FF-FC3654204128}.Release|Mixed Platforms.Build.0 = Release|Any CPU
		{1A1E81ED-63E2-4BE5-88FF-FC3654204128}.Release|x86.ActiveCfg = Release|Any CPU
		{1A1E81ED-63E2-4BE5-88FF-FC3654204128}.Release|x86.Build.0 = Release|Any CPU
		{4E46627F-92EF-47E2-812F-3FC50951F144}.Debug|Any CPU.ActiveCfg = Debug|Any CPU
		{4E46627F-92EF-47E2-812F-3FC50951F144}.Debug|Any CPU.Build.0 = Debug|Any CPU
		{4E46627F-92EF-47E2-812F-3FC50951F144}.Debug|Mixed Platforms.ActiveCfg = Debug|Any CPU
		{4E46627F-92EF-47E2-812F-3FC50951F144}.Debug|Mixed Platforms.Build.0 = Debug|Any CPU
		{4E46627F-92EF-47E2-812F-3FC50951F144}.Debug|x86.ActiveCfg = Debug|Any CPU
		{4E46627F-92EF-47E2-812F-3FC50951F144}.Debug|x86.Build.0 = Debug|Any CPU
		{4E46627F-92EF-47E2-812F-3FC50951F144}.Release|Any CPU.ActiveCfg = Release|Any CPU
		{4E46627F-92EF-47E2-812F-3FC50951F144}.Release|Any CPU.Build.0 = Release|Any CPU
		{4E46627F-92EF-47E2-812F-3FC50951F144}.Release|Mixed Platforms.ActiveCfg = Release|Any CPU
		{4E46627F-92EF-47E2-812F-3FC50951F144}.Release|Mixed Platforms.Build.0 = Release|Any CPU
		{4E46627F-92EF-47E2-812F-3FC50951F144}.Release|x86.ActiveCfg = Release|Any CPU
		{4E46627F-92EF-47E2-812F-3FC50951F144}.Release|x86.Build.0 = Release|Any CPU
	EndGlobalSection
	GlobalSection(SolutionProperties) = preSolution
		HideSolutionNode = FALSE
	EndGlobalSection
EndGlobal
