
Microsoft Visual Studio Solution File, Format Version 11.00
# Visual Studio 2010
Project("{FAE04EC0-301F-11D3-BF4B-00C04F79EFBC}") = "ITesterObject", "ITesterObject\ITesterObject.csproj", "{38347658-8B5A-4216-9DAE-60A57B11BE9A}"
EndProject
Project("{FAE04EC0-301F-11D3-BF4B-00C04F79EFBC}") = "TesterObject", "TesterObject\TesterObject.csproj", "{E342A8DC-DC0E-4F08-9806-CC5870EB1C6E}"
EndProject
Project("{FAE04EC0-301F-11D3-BF4B-00C04F79EFBC}") = "Defines", "Defines\Defines.csproj", "{1158CE60-E954-4FC2-9442-1BF5AC00431B}"
EndProject
Project("{FAE04EC0-301F-11D3-BF4B-00C04F79EFBC}") = "RemoteConnectLib", "RemoteConnectLib\RemoteConnectLib.csproj", "{9DABA7AD-B599-4EB5-8538-7087ECB5A4FB}"
EndProject
Project("{FAE04EC0-301F-11D3-BF4B-00C04F79EFBC}") = "TestClient", "TestClient\TestClient.csproj", "{8A1724CA-1567-4A01-8FC3-75EAB974A5BF}"
EndProject
Project("{FAE04EC0-301F-11D3-BF4B-00C04F79EFBC}") = "TestHost", "TestHost\TestHost.csproj", "{179D7C90-F5B5-4586-B7CB-50E5918E0B28}"
EndProject
Project("{FAE04EC0-301F-11D3-BF4B-00C04F79EFBC}") = "WcfServiceLibrary1", "WcfServiceLibrary1\WcfServiceLibrary1.csproj", "{3719FE6E-FE8D-4930-9B44-6FABC55B790A}"
EndProject
Project("{FAE04EC0-301F-11D3-BF4B-00C04F79EFBC}") = "WcfServiceLibrary2", "WcfServiceLibrary2\WcfServiceLibrary2.csproj", "{626AAF3C-955B-4130-9DF6-5BD6D9D3D5FC}"
EndProject
Global
	GlobalSection(SolutionConfigurationPlatforms) = preSolution
		Debug|Any CPU = Debug|Any CPU
		Debug|Mixed Platforms = Debug|Mixed Platforms
		Debug|x86 = Debug|x86
		Release|Any CPU = Release|Any CPU
		Release|Mixed Platforms = Release|Mixed Platforms
		Release|x86 = Release|x86
	EndGlobalSection
	GlobalSection(ProjectConfigurationPlatforms) = postSolution
		{38347658-8B5A-4216-9DAE-60A57B11BE9A}.Debug|Any CPU.ActiveCfg = Debug|Any CPU
		{38347658-8B5A-4216-9DAE-60A57B11BE9A}.Debug|Any CPU.Build.0 = Debug|Any CPU
		{38347658-8B5A-4216-9DAE-60A57B11BE9A}.Debug|Mixed Platforms.ActiveCfg = Debug|Any CPU
		{38347658-8B5A-4216-9DAE-60A57B11BE9A}.Debug|Mixed Platforms.Build.0 = Debug|Any CPU
		{38347658-8B5A-4216-9DAE-60A57B11BE9A}.Debug|x86.ActiveCfg = Debug|Any CPU
		{38347658-8B5A-4216-9DAE-60A57B11BE9A}.Release|Any CPU.ActiveCfg = Release|Any CPU
		{38347658-8B5A-4216-9DAE-60A57B11BE9A}.Release|Any CPU.Build.0 = Release|Any CPU
		{38347658-8B5A-4216-9DAE-60A57B11BE9A}.Release|Mixed Platforms.ActiveCfg = Release|Any CPU
		{38347658-8B5A-4216-9DAE-60A57B11BE9A}.Release|Mixed Platforms.Build.0 = Release|Any CPU
		{38347658-8B5A-4216-9DAE-60A57B11BE9A}.Release|x86.ActiveCfg = Release|Any CPU
		{E342A8DC-DC0E-4F08-9806-CC5870EB1C6E}.Debug|Any CPU.ActiveCfg = Debug|Any CPU
		{E342A8DC-DC0E-4F08-9806-CC5870EB1C6E}.Debug|Any CPU.Build.0 = Debug|Any CPU
		{E342A8DC-DC0E-4F08-9806-CC5870EB1C6E}.Debug|Mixed Platforms.ActiveCfg = Debug|Any CPU
		{E342A8DC-DC0E-4F08-9806-CC5870EB1C6E}.Debug|Mixed Platforms.Build.0 = Debug|Any CPU
		{E342A8DC-DC0E-4F08-9806-CC5870EB1C6E}.Debug|x86.ActiveCfg = Debug|Any CPU
		{E342A8DC-DC0E-4F08-9806-CC5870EB1C6E}.Release|Any CPU.ActiveCfg = Release|Any CPU
		{E342A8DC-DC0E-4F08-9806-CC5870EB1C6E}.Release|Any CPU.Build.0 = Release|Any CPU
		{E342A8DC-DC0E-4F08-9806-CC5870EB1C6E}.Release|Mixed Platforms.ActiveCfg = Release|Any CPU
		{E342A8DC-DC0E-4F08-9806-CC5870EB1C6E}.Release|Mixed Platforms.Build.0 = Release|Any CPU
		{E342A8DC-DC0E-4F08-9806-CC5870EB1C6E}.Release|x86.ActiveCfg = Release|Any CPU
		{1158CE60-E954-4FC2-9442-1BF5AC00431B}.Debug|Any CPU.ActiveCfg = Debug|Any CPU
		{1158CE60-E954-4FC2-9442-1BF5AC00431B}.Debug|Any CPU.Build.0 = Debug|Any CPU
		{1158CE60-E954-4FC2-9442-1BF5AC00431B}.Debug|Mixed Platforms.ActiveCfg = Debug|Any CPU
		{1158CE60-E954-4FC2-9442-1BF5AC00431B}.Debug|Mixed Platforms.Build.0 = Debug|Any CPU
		{1158CE60-E954-4FC2-9442-1BF5AC00431B}.Debug|x86.ActiveCfg = Debug|Any CPU
		{1158CE60-E954-4FC2-9442-1BF5AC00431B}.Release|Any CPU.ActiveCfg = Release|Any CPU
		{1158CE60-E954-4FC2-9442-1BF5AC00431B}.Release|Any CPU.Build.0 = Release|Any CPU
		{1158CE60-E954-4FC2-9442-1BF5AC00431B}.Release|Mixed Platforms.ActiveCfg = Release|Any CPU
		{1158CE60-E954-4FC2-9442-1BF5AC00431B}.Release|Mixed Platforms.Build.0 = Release|Any CPU
		{1158CE60-E954-4FC2-9442-1BF5AC00431B}.Release|x86.ActiveCfg = Release|Any CPU
		{9DABA7AD-B599-4EB5-8538-7087ECB5A4FB}.Debug|Any CPU.ActiveCfg = Debug|Any CPU
		{9DABA7AD-B599-4EB5-8538-7087ECB5A4FB}.Debug|Any CPU.Build.0 = Debug|Any CPU
		{9DABA7AD-B599-4EB5-8538-7087ECB5A4FB}.Debug|Mixed Platforms.ActiveCfg = Debug|Any CPU
		{9DABA7AD-B599-4EB5-8538-7087ECB5A4FB}.Debug|Mixed Platforms.Build.0 = Debug|Any CPU
		{9DABA7AD-B599-4EB5-8538-7087ECB5A4FB}.Debug|x86.ActiveCfg = Debug|Any CPU
		{9DABA7AD-B599-4EB5-8538-7087ECB5A4FB}.Release|Any CPU.ActiveCfg = Release|Any CPU
		{9DABA7AD-B599-4EB5-8538-7087ECB5A4FB}.Release|Any CPU.Build.0 = Release|Any CPU
		{9DABA7AD-B599-4EB5-8538-7087ECB5A4FB}.Release|Mixed Platforms.ActiveCfg = Release|Any CPU
		{9DABA7AD-B599-4EB5-8538-7087ECB5A4FB}.Release|Mixed Platforms.Build.0 = Release|Any CPU
		{9DABA7AD-B599-4EB5-8538-7087ECB5A4FB}.Release|x86.ActiveCfg = Release|Any CPU
		{8A1724CA-1567-4A01-8FC3-75EAB974A5BF}.Debug|Any CPU.ActiveCfg = Debug|Any CPU
		{8A1724CA-1567-4A01-8FC3-75EAB974A5BF}.Debug|Any CPU.Build.0 = Debug|Any CPU
		{8A1724CA-1567-4A01-8FC3-75EAB974A5BF}.Debug|Mixed Platforms.ActiveCfg = Debug|Any CPU
		{8A1724CA-1567-4A01-8FC3-75EAB974A5BF}.Debug|Mixed Platforms.Build.0 = Debug|Any CPU
		{8A1724CA-1567-4A01-8FC3-75EAB974A5BF}.Debug|x86.ActiveCfg = Debug|Any CPU
		{8A1724CA-1567-4A01-8FC3-75EAB974A5BF}.Release|Any CPU.ActiveCfg = Release|Any CPU
		{8A1724CA-1567-4A01-8FC3-75EAB974A5BF}.Release|Any CPU.Build.0 = Release|Any CPU
		{8A1724CA-1567-4A01-8FC3-75EAB974A5BF}.Release|Mixed Platforms.ActiveCfg = Release|Any CPU
		{8A1724CA-1567-4A01-8FC3-75EAB974A5BF}.Release|Mixed Platforms.Build.0 = Release|Any CPU
		{8A1724CA-1567-4A01-8FC3-75EAB974A5BF}.Release|x86.ActiveCfg = Release|Any CPU
		{179D7C90-F5B5-4586-B7CB-50E5918E0B28}.Debug|Any CPU.ActiveCfg = Debug|x86
		{179D7C90-F5B5-4586-B7CB-50E5918E0B28}.Debug|Mixed Platforms.ActiveCfg = Debug|x86
		{179D7C90-F5B5-4586-B7CB-50E5918E0B28}.Debug|Mixed Platforms.Build.0 = Debug|x86
		{179D7C90-F5B5-4586-B7CB-50E5918E0B28}.Debug|x86.ActiveCfg = Debug|x86
		{179D7C90-F5B5-4586-B7CB-50E5918E0B28}.Debug|x86.Build.0 = Debug|x86
		{179D7C90-F5B5-4586-B7CB-50E5918E0B28}.Release|Any CPU.ActiveCfg = Release|x86
		{179D7C90-F5B5-4586-B7CB-50E5918E0B28}.Release|Mixed Platforms.ActiveCfg = Release|x86
		{179D7C90-F5B5-4586-B7CB-50E5918E0B28}.Release|Mixed Platforms.Build.0 = Release|x86
		{179D7C90-F5B5-4586-B7CB-50E5918E0B28}.Release|x86.ActiveCfg = Release|x86
		{179D7C90-F5B5-4586-B7CB-50E5918E0B28}.Release|x86.Build.0 = Release|x86
		{3719FE6E-FE8D-4930-9B44-6FABC55B790A}.Debug|Any CPU.ActiveCfg = Debug|Any CPU
		{3719FE6E-FE8D-4930-9B44-6FABC55B790A}.Debug|Any CPU.Build.0 = Debug|Any CPU
		{3719FE6E-FE8D-4930-9B44-6FABC55B790A}.Debug|Mixed Platforms.ActiveCfg = Debug|Any CPU
		{3719FE6E-FE8D-4930-9B44-6FABC55B790A}.Debug|Mixed Platforms.Build.0 = Debug|Any CPU
		{3719FE6E-FE8D-4930-9B44-6FABC55B790A}.Debug|x86.ActiveCfg = Debug|Any CPU
		{3719FE6E-FE8D-4930-9B44-6FABC55B790A}.Release|Any CPU.ActiveCfg = Release|Any CPU
		{3719FE6E-FE8D-4930-9B44-6FABC55B790A}.Release|Any CPU.Build.0 = Release|Any CPU
		{3719FE6E-FE8D-4930-9B44-6FABC55B790A}.Release|Mixed Platforms.ActiveCfg = Release|Any CPU
		{3719FE6E-FE8D-4930-9B44-6FABC55B790A}.Release|Mixed Platforms.Build.0 = Release|Any CPU
		{3719FE6E-FE8D-4930-9B44-6FABC55B790A}.Release|x86.ActiveCfg = Release|Any CPU
		{626AAF3C-955B-4130-9DF6-5BD6D9D3D5FC}.Debug|Any CPU.ActiveCfg = Debug|Any CPU
		{626AAF3C-955B-4130-9DF6-5BD6D9D3D5FC}.Debug|Any CPU.Build.0 = Debug|Any CPU
		{626AAF3C-955B-4130-9DF6-5BD6D9D3D5FC}.Debug|Mixed Platforms.ActiveCfg = Debug|Any CPU
		{626AAF3C-955B-4130-9DF6-5BD6D9D3D5FC}.Debug|Mixed Platforms.Build.0 = Debug|Any CPU
		{626AAF3C-955B-4130-9DF6-5BD6D9D3D5FC}.Debug|x86.ActiveCfg = Debug|Any CPU
		{626AAF3C-955B-4130-9DF6-5BD6D9D3D5FC}.Release|Any CPU.ActiveCfg = Release|Any CPU
		{626AAF3C-955B-4130-9DF6-5BD6D9D3D5FC}.Release|Any CPU.Build.0 = Release|Any CPU
		{626AAF3C-955B-4130-9DF6-5BD6D9D3D5FC}.Release|Mixed Platforms.ActiveCfg = Release|Any CPU
		{626AAF3C-955B-4130-9DF6-5BD6D9D3D5FC}.Release|Mixed Platforms.Build.0 = Release|Any CPU
		{626AAF3C-955B-4130-9DF6-5BD6D9D3D5FC}.Release|x86.ActiveCfg = Release|Any CPU
	EndGlobalSection
	GlobalSection(SolutionProperties) = preSolution
		HideSolutionNode = FALSE
	EndGlobalSection
EndGlobal
